PODS:
  - ChromaColorPicker (2.0.2)
  - CircularSpinner (1.2.0)
  - IQKeyboardManagerSwift (6.5.6)
  - Localize-Swift (3.2.0):
    - Localize-Swift/LocalizeSwiftCore (= 3.2.0)
    - Localize-Swift/UIKit (= 3.2.0)
  - Localize-Swift/LocalizeSwiftCore (3.2.0)
  - Localize-Swift/UIKit (3.2.0):
    - Localize-Swift/LocalizeSwiftCore
  - SCLAlertView (0.8)
  - SwiftSignatureView (3.2.0)

DEPENDENCIES:
  - ChromaColorPicker
  - CircularSpinner
  - IQKeyboardManagerSwift
  - Localize-Swift
  - SCLAlertView
  - SwiftSignatureView

SPEC REPOS:
  trunk:
    - ChromaColorPicker
    - CircularSpinner
    - IQKeyboardManagerSwift
    - Localize-Swift
    - SCLAlertView
    - SwiftSignatureView

SPEC CHECKSUMS:
  ChromaColorPicker: 307585f2dc23d4d72f24cad320c1e08825cb5c09
  CircularSpinner: 80b8ee3eda59b66d20631d4ca7c7c83720931739
  IQKeyboardManagerSwift: c7df9d2deb356c04522f5c4b7b6e4ce4d8ed94fe
  Localize-Swift: 6f4475136bdb0d7b2882ea3d4ea919d70142b232
  SCLAlertView: 6a77bb2edfc65e04dbe57725546cb4107a506b85
  SwiftSignatureView: cd8cca297cc2ca6a6c174da22fb908c33d03d3c0

PODFILE CHECKSUM: b1374dac86b132e960744f3267fc90be46f74d21

COCOAPODS: 1.10.1
